
Microsoft Visual Studio Solution File, Format Version 12.00
# Visual Studio 15
VisualStudioVersion = 15.0.26430.12
MinimumVisualStudioVersion = 10.0.40219.1
Project("{F5034706-568F-408A-B7B3-4D38C6DB8A32}") = "build", "build\build.pssproj", "{6CAFC0C6-A428-4D30-A9F9-700E829FEA51}"
EndProject
Project("{2150E333-8FDC-42A3-9474-1A3956D46DE8}") = "Solution Items", "Solution Items", "{392B8D11-8803-4A35-9253-BAE8C0C980D3}"
	ProjectSection(SolutionItems) = preProject
		.gitignore = .gitignore
		build.ps1 = build.ps1
		commands.json = commands.json
		README.md = README.md
		releaseNotes.txt = releaseNotes.txt
	EndProjectSection
EndProject
Project("{FAE04EC0-301F-11D3-BF4B-00C04F79EFBC}") = "Daterpillar", "src\Daterpillar\Daterpillar.csproj", "{E7E91725-51A4-45FB-A923-E374CF7FE0B7}"
EndProject
Project("{F5034706-568F-408A-B7B3-4D38C6DB8A32}") = "Pester.Daterpillar", "tests\Pester.Daterpillar\Pester.Daterpillar.pssproj", "{F1F3B3A7-02DB-4744-AD42-C380810271F8}"
EndProject
Project("{2150E333-8FDC-42A3-9474-1A3956D46DE8}") = "Tests", "Tests", "{848DD7B3-73AE-4921-8DFF-6BFF21B47D1F}"
EndProject
Project("{FAE04EC0-301F-11D3-BF4B-00C04F79EFBC}") = "MSTest.Daterpillar", "tests\MSTest.Daterpillar\MSTest.Daterpillar.csproj", "{2999ADAF-682D-43FB-AE21-37241FE456CA}"
EndProject
Project("{FAE04EC0-301F-11D3-BF4B-00C04F79EFBC}") = "Daterpillar.Automation", "src\Daterpillar.Automation\Daterpillar.Automation.csproj", "{1EC5FEF2-159E-478F-9F16-BC77295B06BA}"
EndProject
Global
	GlobalSection(SolutionConfigurationPlatforms) = preSolution
		Debug|Any CPU = Debug|Any CPU
		Debug|ARM = Debug|ARM
		Debug|x64 = Debug|x64
		Debug|x86 = Debug|x86
		Release|Any CPU = Release|Any CPU
		Release|ARM = Release|ARM
		Release|x64 = Release|x64
		Release|x86 = Release|x86
	EndGlobalSection
	GlobalSection(ProjectConfigurationPlatforms) = postSolution
		{6CAFC0C6-A428-4D30-A9F9-700E829FEA51}.Debug|Any CPU.ActiveCfg = Debug|Any CPU
		{6CAFC0C6-A428-4D30-A9F9-700E829FEA51}.Debug|Any CPU.Build.0 = Debug|Any CPU
		{6CAFC0C6-A428-4D30-A9F9-700E829FEA51}.Debug|ARM.ActiveCfg = Debug|Any CPU
		{6CAFC0C6-A428-4D30-A9F9-700E829FEA51}.Debug|ARM.Build.0 = Debug|Any CPU
		{6CAFC0C6-A428-4D30-A9F9-700E829FEA51}.Debug|x64.ActiveCfg = Debug|Any CPU
		{6CAFC0C6-A428-4D30-A9F9-700E829FEA51}.Debug|x64.Build.0 = Debug|Any CPU
		{6CAFC0C6-A428-4D30-A9F9-700E829FEA51}.Debug|x86.ActiveCfg = Debug|Any CPU
		{6CAFC0C6-A428-4D30-A9F9-700E829FEA51}.Debug|x86.Build.0 = Debug|Any CPU
		{6CAFC0C6-A428-4D30-A9F9-700E829FEA51}.Release|Any CPU.ActiveCfg = Release|Any CPU
		{6CAFC0C6-A428-4D30-A9F9-700E829FEA51}.Release|Any CPU.Build.0 = Release|Any CPU
		{6CAFC0C6-A428-4D30-A9F9-700E829FEA51}.Release|ARM.ActiveCfg = Release|Any CPU
		{6CAFC0C6-A428-4D30-A9F9-700E829FEA51}.Release|ARM.Build.0 = Release|Any CPU
		{6CAFC0C6-A428-4D30-A9F9-700E829FEA51}.Release|x64.ActiveCfg = Release|Any CPU
		{6CAFC0C6-A428-4D30-A9F9-700E829FEA51}.Release|x64.Build.0 = Release|Any CPU
		{6CAFC0C6-A428-4D30-A9F9-700E829FEA51}.Release|x86.ActiveCfg = Release|Any CPU
		{6CAFC0C6-A428-4D30-A9F9-700E829FEA51}.Release|x86.Build.0 = Release|Any CPU
		{E7E91725-51A4-45FB-A923-E374CF7FE0B7}.Debug|Any CPU.ActiveCfg = Debug|Any CPU
		{E7E91725-51A4-45FB-A923-E374CF7FE0B7}.Debug|Any CPU.Build.0 = Debug|Any CPU
		{E7E91725-51A4-45FB-A923-E374CF7FE0B7}.Debug|ARM.ActiveCfg = Debug|Any CPU
		{E7E91725-51A4-45FB-A923-E374CF7FE0B7}.Debug|ARM.Build.0 = Debug|Any CPU
		{E7E91725-51A4-45FB-A923-E374CF7FE0B7}.Debug|x64.ActiveCfg = Debug|Any CPU
		{E7E91725-51A4-45FB-A923-E374CF7FE0B7}.Debug|x64.Build.0 = Debug|Any CPU
		{E7E91725-51A4-45FB-A923-E374CF7FE0B7}.Debug|x86.ActiveCfg = Debug|Any CPU
		{E7E91725-51A4-45FB-A923-E374CF7FE0B7}.Debug|x86.Build.0 = Debug|Any CPU
		{E7E91725-51A4-45FB-A923-E374CF7FE0B7}.Release|Any CPU.ActiveCfg = Release|Any CPU
		{E7E91725-51A4-45FB-A923-E374CF7FE0B7}.Release|Any CPU.Build.0 = Release|Any CPU
		{E7E91725-51A4-45FB-A923-E374CF7FE0B7}.Release|ARM.ActiveCfg = Release|Any CPU
		{E7E91725-51A4-45FB-A923-E374CF7FE0B7}.Release|ARM.Build.0 = Release|Any CPU
		{E7E91725-51A4-45FB-A923-E374CF7FE0B7}.Release|x64.ActiveCfg = Release|Any CPU
		{E7E91725-51A4-45FB-A923-E374CF7FE0B7}.Release|x64.Build.0 = Release|Any CPU
		{E7E91725-51A4-45FB-A923-E374CF7FE0B7}.Release|x86.ActiveCfg = Release|Any CPU
		{E7E91725-51A4-45FB-A923-E374CF7FE0B7}.Release|x86.Build.0 = Release|Any CPU
		{F1F3B3A7-02DB-4744-AD42-C380810271F8}.Debug|Any CPU.ActiveCfg = Debug|Any CPU
		{F1F3B3A7-02DB-4744-AD42-C380810271F8}.Debug|Any CPU.Build.0 = Debug|Any CPU
		{F1F3B3A7-02DB-4744-AD42-C380810271F8}.Debug|ARM.ActiveCfg = Debug|Any CPU
		{F1F3B3A7-02DB-4744-AD42-C380810271F8}.Debug|ARM.Build.0 = Debug|Any CPU
		{F1F3B3A7-02DB-4744-AD42-C380810271F8}.Debug|x64.ActiveCfg = Debug|Any CPU
		{F1F3B3A7-02DB-4744-AD42-C380810271F8}.Debug|x64.Build.0 = Debug|Any CPU
		{F1F3B3A7-02DB-4744-AD42-C380810271F8}.Debug|x86.ActiveCfg = Debug|Any CPU
		{F1F3B3A7-02DB-4744-AD42-C380810271F8}.Debug|x86.Build.0 = Debug|Any CPU
		{F1F3B3A7-02DB-4744-AD42-C380810271F8}.Release|Any CPU.ActiveCfg = Release|Any CPU
		{F1F3B3A7-02DB-4744-AD42-C380810271F8}.Release|Any CPU.Build.0 = Release|Any CPU
		{F1F3B3A7-02DB-4744-AD42-C380810271F8}.Release|ARM.ActiveCfg = Release|Any CPU
		{F1F3B3A7-02DB-4744-AD42-C380810271F8}.Release|ARM.Build.0 = Release|Any CPU
		{F1F3B3A7-02DB-4744-AD42-C380810271F8}.Release|x64.ActiveCfg = Release|Any CPU
		{F1F3B3A7-02DB-4744-AD42-C380810271F8}.Release|x64.Build.0 = Release|Any CPU
		{F1F3B3A7-02DB-4744-AD42-C380810271F8}.Release|x86.ActiveCfg = Release|Any CPU
		{F1F3B3A7-02DB-4744-AD42-C380810271F8}.Release|x86.Build.0 = Release|Any CPU
		{2999ADAF-682D-43FB-AE21-37241FE456CA}.Debug|Any CPU.ActiveCfg = Debug|Any CPU
		{2999ADAF-682D-43FB-AE21-37241FE456CA}.Debug|Any CPU.Build.0 = Debug|Any CPU
		{2999ADAF-682D-43FB-AE21-37241FE456CA}.Debug|ARM.ActiveCfg = Debug|Any CPU
		{2999ADAF-682D-43FB-AE21-37241FE456CA}.Debug|ARM.Build.0 = Debug|Any CPU
		{2999ADAF-682D-43FB-AE21-37241FE456CA}.Debug|x64.ActiveCfg = Debug|Any CPU
		{2999ADAF-682D-43FB-AE21-37241FE456CA}.Debug|x64.Build.0 = Debug|Any CPU
		{2999ADAF-682D-43FB-AE21-37241FE456CA}.Debug|x86.ActiveCfg = Debug|Any CPU
		{2999ADAF-682D-43FB-AE21-37241FE456CA}.Debug|x86.Build.0 = Debug|Any CPU
		{2999ADAF-682D-43FB-AE21-37241FE456CA}.Release|Any CPU.ActiveCfg = Release|Any CPU
		{2999ADAF-682D-43FB-AE21-37241FE456CA}.Release|Any CPU.Build.0 = Release|Any CPU
		{2999ADAF-682D-43FB-AE21-37241FE456CA}.Release|ARM.ActiveCfg = Release|Any CPU
		{2999ADAF-682D-43FB-AE21-37241FE456CA}.Release|ARM.Build.0 = Release|Any CPU
		{2999ADAF-682D-43FB-AE21-37241FE456CA}.Release|x64.ActiveCfg = Release|Any CPU
		{2999ADAF-682D-43FB-AE21-37241FE456CA}.Release|x64.Build.0 = Release|Any CPU
		{2999ADAF-682D-43FB-AE21-37241FE456CA}.Release|x86.ActiveCfg = Release|Any CPU
		{2999ADAF-682D-43FB-AE21-37241FE456CA}.Release|x86.Build.0 = Release|Any CPU
		{1EC5FEF2-159E-478F-9F16-BC77295B06BA}.Debug|Any CPU.ActiveCfg = Debug|Any CPU
		{1EC5FEF2-159E-478F-9F16-BC77295B06BA}.Debug|Any CPU.Build.0 = Debug|Any CPU
		{1EC5FEF2-159E-478F-9F16-BC77295B06BA}.Debug|ARM.ActiveCfg = Debug|Any CPU
		{1EC5FEF2-159E-478F-9F16-BC77295B06BA}.Debug|ARM.Build.0 = Debug|Any CPU
		{1EC5FEF2-159E-478F-9F16-BC77295B06BA}.Debug|x64.ActiveCfg = Debug|Any CPU
		{1EC5FEF2-159E-478F-9F16-BC77295B06BA}.Debug|x64.Build.0 = Debug|Any CPU
		{1EC5FEF2-159E-478F-9F16-BC77295B06BA}.Debug|x86.ActiveCfg = Debug|Any CPU
		{1EC5FEF2-159E-478F-9F16-BC77295B06BA}.Debug|x86.Build.0 = Debug|Any CPU
		{1EC5FEF2-159E-478F-9F16-BC77295B06BA}.Release|Any CPU.ActiveCfg = Release|Any CPU
		{1EC5FEF2-159E-478F-9F16-BC77295B06BA}.Release|Any CPU.Build.0 = Release|Any CPU
		{1EC5FEF2-159E-478F-9F16-BC77295B06BA}.Release|ARM.ActiveCfg = Release|Any CPU
		{1EC5FEF2-159E-478F-9F16-BC77295B06BA}.Release|ARM.Build.0 = Release|Any CPU
		{1EC5FEF2-159E-478F-9F16-BC77295B06BA}.Release|x64.ActiveCfg = Release|Any CPU
		{1EC5FEF2-159E-478F-9F16-BC77295B06BA}.Release|x64.Build.0 = Release|Any CPU
		{1EC5FEF2-159E-478F-9F16-BC77295B06BA}.Release|x86.ActiveCfg = Release|Any CPU
		{1EC5FEF2-159E-478F-9F16-BC77295B06BA}.Release|x86.Build.0 = Release|Any CPU
	EndGlobalSection
	GlobalSection(SolutionProperties) = preSolution
		HideSolutionNode = FALSE
	EndGlobalSection
	GlobalSection(NestedProjects) = preSolution
		{F1F3B3A7-02DB-4744-AD42-C380810271F8} = {848DD7B3-73AE-4921-8DFF-6BFF21B47D1F}
		{2999ADAF-682D-43FB-AE21-37241FE456CA} = {848DD7B3-73AE-4921-8DFF-6BFF21B47D1F}
	EndGlobalSection
EndGlobal
