
Microsoft Visual Studio Solution File, Format Version 12.00
# Visual Studio 14
VisualStudioVersion = 14.0.24720.0
MinimumVisualStudioVersion = 10.0.40219.1
Project("{FAE04EC0-301F-11D3-BF4B-00C04F79EFBC}") = "Daterpillar.Core", "Daterpillar.Core\Daterpillar.Core.csproj", "{EEE56AC1-7B0E-49CA-985E-7F00E3A88C81}"
EndProject
Project("{2150E333-8FDC-42A3-9474-1A3956D46DE8}") = "Tests", "Tests", "{7A13E6D0-F85A-4BE8-BEB4-69A0AD18A5C3}"
EndProject
Project("{FAE04EC0-301F-11D3-BF4B-00C04F79EFBC}") = "Tests.Daterpillar", "Tests\Tests.Daterpillar\Tests.Daterpillar.csproj", "{9CC6674B-4A4C-4F4E-BD29-27D7898511BF}"
EndProject
Project("{FAE04EC0-301F-11D3-BF4B-00C04F79EFBC}") = "Daterpillar.Utilities", "Daterpillar.Utilities\Daterpillar.Utilities.csproj", "{9EC0D764-03A9-4DD0-BB88-F7FBB332821C}"
EndProject
Global
	GlobalSection(SolutionConfigurationPlatforms) = preSolution
		Debug|Any CPU = Debug|Any CPU
		Release|Any CPU = Release|Any CPU
	EndGlobalSection
	GlobalSection(ProjectConfigurationPlatforms) = postSolution
		{EEE56AC1-7B0E-49CA-985E-7F00E3A88C81}.Debug|Any CPU.ActiveCfg = Debug|Any CPU
		{EEE56AC1-7B0E-49CA-985E-7F00E3A88C81}.Debug|Any CPU.Build.0 = Debug|Any CPU
		{EEE56AC1-7B0E-49CA-985E-7F00E3A88C81}.Release|Any CPU.ActiveCfg = Release|Any CPU
		{EEE56AC1-7B0E-49CA-985E-7F00E3A88C81}.Release|Any CPU.Build.0 = Release|Any CPU
		{9CC6674B-4A4C-4F4E-BD29-27D7898511BF}.Debug|Any CPU.ActiveCfg = Debug|Any CPU
		{9CC6674B-4A4C-4F4E-BD29-27D7898511BF}.Debug|Any CPU.Build.0 = Debug|Any CPU
		{9CC6674B-4A4C-4F4E-BD29-27D7898511BF}.Release|Any CPU.ActiveCfg = Release|Any CPU
		{9CC6674B-4A4C-4F4E-BD29-27D7898511BF}.Release|Any CPU.Build.0 = Release|Any CPU
		{9EC0D764-03A9-4DD0-BB88-F7FBB332821C}.Debug|Any CPU.ActiveCfg = Debug|Any CPU
		{9EC0D764-03A9-4DD0-BB88-F7FBB332821C}.Debug|Any CPU.Build.0 = Debug|Any CPU
		{9EC0D764-03A9-4DD0-BB88-F7FBB332821C}.Release|Any CPU.ActiveCfg = Release|Any CPU
		{9EC0D764-03A9-4DD0-BB88-F7FBB332821C}.Release|Any CPU.Build.0 = Release|Any CPU
	EndGlobalSection
	GlobalSection(SolutionProperties) = preSolution
		HideSolutionNode = FALSE
	EndGlobalSection
	GlobalSection(NestedProjects) = preSolution
		{9CC6674B-4A4C-4F4E-BD29-27D7898511BF} = {7A13E6D0-F85A-4BE8-BEB4-69A0AD18A5C3}
	EndGlobalSection
EndGlobal
