
Microsoft Visual Studio Solution File, Format Version 12.00
# Visual Studio 14
VisualStudioVersion = 14.0.25420.1
MinimumVisualStudioVersion = 10.0.40219.1
Project("{FAE04EC0-301F-11D3-BF4B-00C04F79EFBC}") = "Daterpillar.Core", "Daterpillar.Core\Daterpillar.Core.csproj", "{EEE56AC1-7B0E-49CA-985E-7F00E3A88C81}"
EndProject
Project("{2150E333-8FDC-42A3-9474-1A3956D46DE8}") = ".sln", ".sln", "{FDCC3763-A4ED-4B12-9F13-43610728FE38}"
	ProjectSection(SolutionItems) = preProject
		..\.gitignore = ..\.gitignore
		Daterpillar.Core\Daterpillar.Core.nuspec = Daterpillar.Core\Daterpillar.Core.nuspec
		Daterpillar.NET\Daterpillar.NET.nuspec = Daterpillar.NET\Daterpillar.NET.nuspec
		..\README.md = ..\README.md
		xddl.xsd = xddl.xsd
	EndProjectSection
EndProject
Project("{FAE04EC0-301F-11D3-BF4B-00C04F79EFBC}") = "Daterpillar.NET", "Daterpillar.NET\Daterpillar.NET.csproj", "{785E04BF-F296-481B-983A-E3EFBA3E8F06}"
EndProject
Project("{FAE04EC0-301F-11D3-BF4B-00C04F79EFBC}") = "Daterpillar.CommandLine", "Daterpillar.CommandLine\Daterpillar.CommandLine.csproj", "{A24D43DF-FEE2-4565-817A-55C0E1DE2407}"
EndProject
Project("{2150E333-8FDC-42A3-9474-1A3956D46DE8}") = "tools", "tools", "{C97A2BCA-9885-4D96-87FE-E6A718079991}"
	ProjectSection(SolutionItems) = preProject
		..\tools\New-ConfigFile.ps1 = ..\tools\New-ConfigFile.ps1
		..\tools\Update-VersionNumber.ps1 = ..\tools\Update-VersionNumber.ps1
	EndProjectSection
EndProject
Project("{2150E333-8FDC-42A3-9474-1A3956D46DE8}") = "build", "build", "{95F37999-42D6-439B-BE19-C0B6DBD34CCA}"
	ProjectSection(SolutionItems) = preProject
		..\build\start-build.ps1 = ..\build\start-build.ps1
		..\build\tasks.ps1 = ..\build\tasks.ps1
	EndProjectSection
EndProject
Project("{2150E333-8FDC-42A3-9474-1A3956D46DE8}") = "nuget", "nuget", "{F1B10AC9-073E-4D67-8286-F3050EACF27E}"
	ProjectSection(SolutionItems) = preProject
		Daterpillar.Core\Daterpillar.Core.nuspec = Daterpillar.Core\Daterpillar.Core.nuspec
		Daterpillar.NET\Daterpillar.NET.nuspec = Daterpillar.NET\Daterpillar.NET.nuspec
	EndProjectSection
EndProject
Project("{FAE04EC0-301F-11D3-BF4B-00C04F79EFBC}") = "Test.Daterpillar", "Test.Daterpillar\Test.Daterpillar.csproj", "{3D6F2CB8-A9CD-4351-A3AB-3C94C658AECD}"
EndProject
Global
	GlobalSection(SolutionConfigurationPlatforms) = preSolution
		Debug|Any CPU = Debug|Any CPU
		Debug|ARM = Debug|ARM
		Debug|x64 = Debug|x64
		Debug|x86 = Debug|x86
		Release|Any CPU = Release|Any CPU
		Release|ARM = Release|ARM
		Release|x64 = Release|x64
		Release|x86 = Release|x86
	EndGlobalSection
	GlobalSection(ProjectConfigurationPlatforms) = postSolution
		{EEE56AC1-7B0E-49CA-985E-7F00E3A88C81}.Debug|Any CPU.ActiveCfg = Debug|Any CPU
		{EEE56AC1-7B0E-49CA-985E-7F00E3A88C81}.Debug|Any CPU.Build.0 = Debug|Any CPU
		{EEE56AC1-7B0E-49CA-985E-7F00E3A88C81}.Debug|ARM.ActiveCfg = Debug|Any CPU
		{EEE56AC1-7B0E-49CA-985E-7F00E3A88C81}.Debug|ARM.Build.0 = Debug|Any CPU
		{EEE56AC1-7B0E-49CA-985E-7F00E3A88C81}.Debug|x64.ActiveCfg = Debug|Any CPU
		{EEE56AC1-7B0E-49CA-985E-7F00E3A88C81}.Debug|x64.Build.0 = Debug|Any CPU
		{EEE56AC1-7B0E-49CA-985E-7F00E3A88C81}.Debug|x86.ActiveCfg = Debug|Any CPU
		{EEE56AC1-7B0E-49CA-985E-7F00E3A88C81}.Debug|x86.Build.0 = Debug|Any CPU
		{EEE56AC1-7B0E-49CA-985E-7F00E3A88C81}.Release|Any CPU.ActiveCfg = Release|Any CPU
		{EEE56AC1-7B0E-49CA-985E-7F00E3A88C81}.Release|Any CPU.Build.0 = Release|Any CPU
		{EEE56AC1-7B0E-49CA-985E-7F00E3A88C81}.Release|ARM.ActiveCfg = Release|Any CPU
		{EEE56AC1-7B0E-49CA-985E-7F00E3A88C81}.Release|ARM.Build.0 = Release|Any CPU
		{EEE56AC1-7B0E-49CA-985E-7F00E3A88C81}.Release|x64.ActiveCfg = Release|Any CPU
		{EEE56AC1-7B0E-49CA-985E-7F00E3A88C81}.Release|x64.Build.0 = Release|Any CPU
		{EEE56AC1-7B0E-49CA-985E-7F00E3A88C81}.Release|x86.ActiveCfg = Release|Any CPU
		{EEE56AC1-7B0E-49CA-985E-7F00E3A88C81}.Release|x86.Build.0 = Release|Any CPU
		{785E04BF-F296-481B-983A-E3EFBA3E8F06}.Debug|Any CPU.ActiveCfg = Debug|Any CPU
		{785E04BF-F296-481B-983A-E3EFBA3E8F06}.Debug|Any CPU.Build.0 = Debug|Any CPU
		{785E04BF-F296-481B-983A-E3EFBA3E8F06}.Debug|ARM.ActiveCfg = Debug|Any CPU
		{785E04BF-F296-481B-983A-E3EFBA3E8F06}.Debug|ARM.Build.0 = Debug|Any CPU
		{785E04BF-F296-481B-983A-E3EFBA3E8F06}.Debug|x64.ActiveCfg = Debug|Any CPU
		{785E04BF-F296-481B-983A-E3EFBA3E8F06}.Debug|x64.Build.0 = Debug|Any CPU
		{785E04BF-F296-481B-983A-E3EFBA3E8F06}.Debug|x86.ActiveCfg = Debug|Any CPU
		{785E04BF-F296-481B-983A-E3EFBA3E8F06}.Debug|x86.Build.0 = Debug|Any CPU
		{785E04BF-F296-481B-983A-E3EFBA3E8F06}.Release|Any CPU.ActiveCfg = Release|Any CPU
		{785E04BF-F296-481B-983A-E3EFBA3E8F06}.Release|Any CPU.Build.0 = Release|Any CPU
		{785E04BF-F296-481B-983A-E3EFBA3E8F06}.Release|ARM.ActiveCfg = Release|Any CPU
		{785E04BF-F296-481B-983A-E3EFBA3E8F06}.Release|ARM.Build.0 = Release|Any CPU
		{785E04BF-F296-481B-983A-E3EFBA3E8F06}.Release|x64.ActiveCfg = Release|Any CPU
		{785E04BF-F296-481B-983A-E3EFBA3E8F06}.Release|x64.Build.0 = Release|Any CPU
		{785E04BF-F296-481B-983A-E3EFBA3E8F06}.Release|x86.ActiveCfg = Release|Any CPU
		{785E04BF-F296-481B-983A-E3EFBA3E8F06}.Release|x86.Build.0 = Release|Any CPU
		{A24D43DF-FEE2-4565-817A-55C0E1DE2407}.Debug|Any CPU.ActiveCfg = Debug|Any CPU
		{A24D43DF-FEE2-4565-817A-55C0E1DE2407}.Debug|Any CPU.Build.0 = Debug|Any CPU
		{A24D43DF-FEE2-4565-817A-55C0E1DE2407}.Debug|ARM.ActiveCfg = Debug|Any CPU
		{A24D43DF-FEE2-4565-817A-55C0E1DE2407}.Debug|ARM.Build.0 = Debug|Any CPU
		{A24D43DF-FEE2-4565-817A-55C0E1DE2407}.Debug|x64.ActiveCfg = Debug|Any CPU
		{A24D43DF-FEE2-4565-817A-55C0E1DE2407}.Debug|x64.Build.0 = Debug|Any CPU
		{A24D43DF-FEE2-4565-817A-55C0E1DE2407}.Debug|x86.ActiveCfg = Debug|Any CPU
		{A24D43DF-FEE2-4565-817A-55C0E1DE2407}.Debug|x86.Build.0 = Debug|Any CPU
		{A24D43DF-FEE2-4565-817A-55C0E1DE2407}.Release|Any CPU.ActiveCfg = Release|Any CPU
		{A24D43DF-FEE2-4565-817A-55C0E1DE2407}.Release|Any CPU.Build.0 = Release|Any CPU
		{A24D43DF-FEE2-4565-817A-55C0E1DE2407}.Release|ARM.ActiveCfg = Release|Any CPU
		{A24D43DF-FEE2-4565-817A-55C0E1DE2407}.Release|ARM.Build.0 = Release|Any CPU
		{A24D43DF-FEE2-4565-817A-55C0E1DE2407}.Release|x64.ActiveCfg = Release|Any CPU
		{A24D43DF-FEE2-4565-817A-55C0E1DE2407}.Release|x64.Build.0 = Release|Any CPU
		{A24D43DF-FEE2-4565-817A-55C0E1DE2407}.Release|x86.ActiveCfg = Release|Any CPU
		{A24D43DF-FEE2-4565-817A-55C0E1DE2407}.Release|x86.Build.0 = Release|Any CPU
		{3D6F2CB8-A9CD-4351-A3AB-3C94C658AECD}.Debug|Any CPU.ActiveCfg = Debug|Any CPU
		{3D6F2CB8-A9CD-4351-A3AB-3C94C658AECD}.Debug|Any CPU.Build.0 = Debug|Any CPU
		{3D6F2CB8-A9CD-4351-A3AB-3C94C658AECD}.Debug|ARM.ActiveCfg = Debug|Any CPU
		{3D6F2CB8-A9CD-4351-A3AB-3C94C658AECD}.Debug|ARM.Build.0 = Debug|Any CPU
		{3D6F2CB8-A9CD-4351-A3AB-3C94C658AECD}.Debug|x64.ActiveCfg = Debug|Any CPU
		{3D6F2CB8-A9CD-4351-A3AB-3C94C658AECD}.Debug|x64.Build.0 = Debug|Any CPU
		{3D6F2CB8-A9CD-4351-A3AB-3C94C658AECD}.Debug|x86.ActiveCfg = Debug|Any CPU
		{3D6F2CB8-A9CD-4351-A3AB-3C94C658AECD}.Debug|x86.Build.0 = Debug|Any CPU
		{3D6F2CB8-A9CD-4351-A3AB-3C94C658AECD}.Release|Any CPU.ActiveCfg = Release|Any CPU
		{3D6F2CB8-A9CD-4351-A3AB-3C94C658AECD}.Release|Any CPU.Build.0 = Release|Any CPU
		{3D6F2CB8-A9CD-4351-A3AB-3C94C658AECD}.Release|ARM.ActiveCfg = Release|Any CPU
		{3D6F2CB8-A9CD-4351-A3AB-3C94C658AECD}.Release|ARM.Build.0 = Release|Any CPU
		{3D6F2CB8-A9CD-4351-A3AB-3C94C658AECD}.Release|x64.ActiveCfg = Release|Any CPU
		{3D6F2CB8-A9CD-4351-A3AB-3C94C658AECD}.Release|x64.Build.0 = Release|Any CPU
		{3D6F2CB8-A9CD-4351-A3AB-3C94C658AECD}.Release|x86.ActiveCfg = Release|Any CPU
		{3D6F2CB8-A9CD-4351-A3AB-3C94C658AECD}.Release|x86.Build.0 = Release|Any CPU
	EndGlobalSection
	GlobalSection(SolutionProperties) = preSolution
		HideSolutionNode = FALSE
	EndGlobalSection
	GlobalSection(NestedProjects) = preSolution
		{C97A2BCA-9885-4D96-87FE-E6A718079991} = {FDCC3763-A4ED-4B12-9F13-43610728FE38}
		{95F37999-42D6-439B-BE19-C0B6DBD34CCA} = {FDCC3763-A4ED-4B12-9F13-43610728FE38}
		{F1B10AC9-073E-4D67-8286-F3050EACF27E} = {FDCC3763-A4ED-4B12-9F13-43610728FE38}
	EndGlobalSection
EndGlobal
