
Microsoft Visual Studio Solution File, Format Version 12.00
# Visual Studio 14
VisualStudioVersion = 14.0.24720.0
MinimumVisualStudioVersion = 10.0.40219.1
Project("{FAE04EC0-301F-11D3-BF4B-00C04F79EFBC}") = "Daterpillar.Core", "Daterpillar.Core\Daterpillar.Core.csproj", "{EEE56AC1-7B0E-49CA-985E-7F00E3A88C81}"
EndProject
Project("{2150E333-8FDC-42A3-9474-1A3956D46DE8}") = "Tests", "Tests", "{7A13E6D0-F85A-4BE8-BEB4-69A0AD18A5C3}"
EndProject
Project("{FAE04EC0-301F-11D3-BF4B-00C04F79EFBC}") = "Tests.Daterpillar", "Tests\Tests.Daterpillar\Tests.Daterpillar.csproj", "{9CC6674B-4A4C-4F4E-BD29-27D7898511BF}"
EndProject
Project("{FAE04EC0-301F-11D3-BF4B-00C04F79EFBC}") = "Daterpillar.Utilities", "Daterpillar.Utilities\Daterpillar.Utilities.csproj", "{9EC0D764-03A9-4DD0-BB88-F7FBB332821C}"
EndProject
Project("{FAE04EC0-301F-11D3-BF4B-00C04F79EFBC}") = "Daterpillar.DotNet", "Daterpillar.DotNet\Daterpillar.DotNet.csproj", "{7178415E-3FBC-4E66-A897-1BD5B92A5A9A}"
EndProject
Project("{FAE04EC0-301F-11D3-BF4B-00C04F79EFBC}") = "Tests.Daterpillar.T4", "Tests\Tests.Daterpillar.T4\Tests.Daterpillar.T4.csproj", "{640FD9DA-8A9D-40F7-BE61-5DE08E75A4D8}"
EndProject
Global
	GlobalSection(SolutionConfigurationPlatforms) = preSolution
		Debug|Any CPU = Debug|Any CPU
		Debug|ARM = Debug|ARM
		Debug|x64 = Debug|x64
		Debug|x86 = Debug|x86
		Release|Any CPU = Release|Any CPU
		Release|ARM = Release|ARM
		Release|x64 = Release|x64
		Release|x86 = Release|x86
	EndGlobalSection
	GlobalSection(ProjectConfigurationPlatforms) = postSolution
		{EEE56AC1-7B0E-49CA-985E-7F00E3A88C81}.Debug|Any CPU.ActiveCfg = Debug|Any CPU
		{EEE56AC1-7B0E-49CA-985E-7F00E3A88C81}.Debug|Any CPU.Build.0 = Debug|Any CPU
		{EEE56AC1-7B0E-49CA-985E-7F00E3A88C81}.Debug|ARM.ActiveCfg = Debug|Any CPU
		{EEE56AC1-7B0E-49CA-985E-7F00E3A88C81}.Debug|ARM.Build.0 = Debug|Any CPU
		{EEE56AC1-7B0E-49CA-985E-7F00E3A88C81}.Debug|x64.ActiveCfg = Debug|Any CPU
		{EEE56AC1-7B0E-49CA-985E-7F00E3A88C81}.Debug|x64.Build.0 = Debug|Any CPU
		{EEE56AC1-7B0E-49CA-985E-7F00E3A88C81}.Debug|x86.ActiveCfg = Debug|Any CPU
		{EEE56AC1-7B0E-49CA-985E-7F00E3A88C81}.Debug|x86.Build.0 = Debug|Any CPU
		{EEE56AC1-7B0E-49CA-985E-7F00E3A88C81}.Release|Any CPU.ActiveCfg = Release|Any CPU
		{EEE56AC1-7B0E-49CA-985E-7F00E3A88C81}.Release|Any CPU.Build.0 = Release|Any CPU
		{EEE56AC1-7B0E-49CA-985E-7F00E3A88C81}.Release|ARM.ActiveCfg = Release|Any CPU
		{EEE56AC1-7B0E-49CA-985E-7F00E3A88C81}.Release|ARM.Build.0 = Release|Any CPU
		{EEE56AC1-7B0E-49CA-985E-7F00E3A88C81}.Release|x64.ActiveCfg = Release|Any CPU
		{EEE56AC1-7B0E-49CA-985E-7F00E3A88C81}.Release|x64.Build.0 = Release|Any CPU
		{EEE56AC1-7B0E-49CA-985E-7F00E3A88C81}.Release|x86.ActiveCfg = Release|Any CPU
		{EEE56AC1-7B0E-49CA-985E-7F00E3A88C81}.Release|x86.Build.0 = Release|Any CPU
		{9CC6674B-4A4C-4F4E-BD29-27D7898511BF}.Debug|Any CPU.ActiveCfg = Debug|Any CPU
		{9CC6674B-4A4C-4F4E-BD29-27D7898511BF}.Debug|Any CPU.Build.0 = Debug|Any CPU
		{9CC6674B-4A4C-4F4E-BD29-27D7898511BF}.Debug|ARM.ActiveCfg = Debug|Any CPU
		{9CC6674B-4A4C-4F4E-BD29-27D7898511BF}.Debug|ARM.Build.0 = Debug|Any CPU
		{9CC6674B-4A4C-4F4E-BD29-27D7898511BF}.Debug|x64.ActiveCfg = Debug|Any CPU
		{9CC6674B-4A4C-4F4E-BD29-27D7898511BF}.Debug|x64.Build.0 = Debug|Any CPU
		{9CC6674B-4A4C-4F4E-BD29-27D7898511BF}.Debug|x86.ActiveCfg = Debug|Any CPU
		{9CC6674B-4A4C-4F4E-BD29-27D7898511BF}.Debug|x86.Build.0 = Debug|Any CPU
		{9CC6674B-4A4C-4F4E-BD29-27D7898511BF}.Release|Any CPU.ActiveCfg = Release|Any CPU
		{9CC6674B-4A4C-4F4E-BD29-27D7898511BF}.Release|Any CPU.Build.0 = Release|Any CPU
		{9CC6674B-4A4C-4F4E-BD29-27D7898511BF}.Release|ARM.ActiveCfg = Release|Any CPU
		{9CC6674B-4A4C-4F4E-BD29-27D7898511BF}.Release|ARM.Build.0 = Release|Any CPU
		{9CC6674B-4A4C-4F4E-BD29-27D7898511BF}.Release|x64.ActiveCfg = Release|Any CPU
		{9CC6674B-4A4C-4F4E-BD29-27D7898511BF}.Release|x64.Build.0 = Release|Any CPU
		{9CC6674B-4A4C-4F4E-BD29-27D7898511BF}.Release|x86.ActiveCfg = Release|Any CPU
		{9CC6674B-4A4C-4F4E-BD29-27D7898511BF}.Release|x86.Build.0 = Release|Any CPU
		{9EC0D764-03A9-4DD0-BB88-F7FBB332821C}.Debug|Any CPU.ActiveCfg = Debug|Any CPU
		{9EC0D764-03A9-4DD0-BB88-F7FBB332821C}.Debug|Any CPU.Build.0 = Debug|Any CPU
		{9EC0D764-03A9-4DD0-BB88-F7FBB332821C}.Debug|ARM.ActiveCfg = Debug|Any CPU
		{9EC0D764-03A9-4DD0-BB88-F7FBB332821C}.Debug|ARM.Build.0 = Debug|Any CPU
		{9EC0D764-03A9-4DD0-BB88-F7FBB332821C}.Debug|x64.ActiveCfg = Debug|Any CPU
		{9EC0D764-03A9-4DD0-BB88-F7FBB332821C}.Debug|x64.Build.0 = Debug|Any CPU
		{9EC0D764-03A9-4DD0-BB88-F7FBB332821C}.Debug|x86.ActiveCfg = Debug|Any CPU
		{9EC0D764-03A9-4DD0-BB88-F7FBB332821C}.Debug|x86.Build.0 = Debug|Any CPU
		{9EC0D764-03A9-4DD0-BB88-F7FBB332821C}.Release|Any CPU.ActiveCfg = Release|Any CPU
		{9EC0D764-03A9-4DD0-BB88-F7FBB332821C}.Release|Any CPU.Build.0 = Release|Any CPU
		{9EC0D764-03A9-4DD0-BB88-F7FBB332821C}.Release|ARM.ActiveCfg = Release|Any CPU
		{9EC0D764-03A9-4DD0-BB88-F7FBB332821C}.Release|ARM.Build.0 = Release|Any CPU
		{9EC0D764-03A9-4DD0-BB88-F7FBB332821C}.Release|x64.ActiveCfg = Release|Any CPU
		{9EC0D764-03A9-4DD0-BB88-F7FBB332821C}.Release|x64.Build.0 = Release|Any CPU
		{9EC0D764-03A9-4DD0-BB88-F7FBB332821C}.Release|x86.ActiveCfg = Release|Any CPU
		{9EC0D764-03A9-4DD0-BB88-F7FBB332821C}.Release|x86.Build.0 = Release|Any CPU
		{7178415E-3FBC-4E66-A897-1BD5B92A5A9A}.Debug|Any CPU.ActiveCfg = Debug|Any CPU
		{7178415E-3FBC-4E66-A897-1BD5B92A5A9A}.Debug|Any CPU.Build.0 = Debug|Any CPU
		{7178415E-3FBC-4E66-A897-1BD5B92A5A9A}.Debug|ARM.ActiveCfg = Debug|Any CPU
		{7178415E-3FBC-4E66-A897-1BD5B92A5A9A}.Debug|ARM.Build.0 = Debug|Any CPU
		{7178415E-3FBC-4E66-A897-1BD5B92A5A9A}.Debug|x64.ActiveCfg = Debug|Any CPU
		{7178415E-3FBC-4E66-A897-1BD5B92A5A9A}.Debug|x64.Build.0 = Debug|Any CPU
		{7178415E-3FBC-4E66-A897-1BD5B92A5A9A}.Debug|x86.ActiveCfg = Debug|Any CPU
		{7178415E-3FBC-4E66-A897-1BD5B92A5A9A}.Debug|x86.Build.0 = Debug|Any CPU
		{7178415E-3FBC-4E66-A897-1BD5B92A5A9A}.Release|Any CPU.ActiveCfg = Release|Any CPU
		{7178415E-3FBC-4E66-A897-1BD5B92A5A9A}.Release|Any CPU.Build.0 = Release|Any CPU
		{7178415E-3FBC-4E66-A897-1BD5B92A5A9A}.Release|ARM.ActiveCfg = Release|Any CPU
		{7178415E-3FBC-4E66-A897-1BD5B92A5A9A}.Release|ARM.Build.0 = Release|Any CPU
		{7178415E-3FBC-4E66-A897-1BD5B92A5A9A}.Release|x64.ActiveCfg = Release|Any CPU
		{7178415E-3FBC-4E66-A897-1BD5B92A5A9A}.Release|x64.Build.0 = Release|Any CPU
		{7178415E-3FBC-4E66-A897-1BD5B92A5A9A}.Release|x86.ActiveCfg = Release|Any CPU
		{7178415E-3FBC-4E66-A897-1BD5B92A5A9A}.Release|x86.Build.0 = Release|Any CPU
		{640FD9DA-8A9D-40F7-BE61-5DE08E75A4D8}.Debug|Any CPU.ActiveCfg = Debug|Any CPU
		{640FD9DA-8A9D-40F7-BE61-5DE08E75A4D8}.Debug|Any CPU.Build.0 = Debug|Any CPU
		{640FD9DA-8A9D-40F7-BE61-5DE08E75A4D8}.Debug|ARM.ActiveCfg = Debug|Any CPU
		{640FD9DA-8A9D-40F7-BE61-5DE08E75A4D8}.Debug|ARM.Build.0 = Debug|Any CPU
		{640FD9DA-8A9D-40F7-BE61-5DE08E75A4D8}.Debug|x64.ActiveCfg = Debug|Any CPU
		{640FD9DA-8A9D-40F7-BE61-5DE08E75A4D8}.Debug|x64.Build.0 = Debug|Any CPU
		{640FD9DA-8A9D-40F7-BE61-5DE08E75A4D8}.Debug|x86.ActiveCfg = Debug|Any CPU
		{640FD9DA-8A9D-40F7-BE61-5DE08E75A4D8}.Debug|x86.Build.0 = Debug|Any CPU
		{640FD9DA-8A9D-40F7-BE61-5DE08E75A4D8}.Release|Any CPU.ActiveCfg = Release|Any CPU
		{640FD9DA-8A9D-40F7-BE61-5DE08E75A4D8}.Release|Any CPU.Build.0 = Release|Any CPU
		{640FD9DA-8A9D-40F7-BE61-5DE08E75A4D8}.Release|ARM.ActiveCfg = Release|Any CPU
		{640FD9DA-8A9D-40F7-BE61-5DE08E75A4D8}.Release|ARM.Build.0 = Release|Any CPU
		{640FD9DA-8A9D-40F7-BE61-5DE08E75A4D8}.Release|x64.ActiveCfg = Release|Any CPU
		{640FD9DA-8A9D-40F7-BE61-5DE08E75A4D8}.Release|x64.Build.0 = Release|Any CPU
		{640FD9DA-8A9D-40F7-BE61-5DE08E75A4D8}.Release|x86.ActiveCfg = Release|Any CPU
		{640FD9DA-8A9D-40F7-BE61-5DE08E75A4D8}.Release|x86.Build.0 = Release|Any CPU
	EndGlobalSection
	GlobalSection(SolutionProperties) = preSolution
		HideSolutionNode = FALSE
	EndGlobalSection
	GlobalSection(NestedProjects) = preSolution
		{9CC6674B-4A4C-4F4E-BD29-27D7898511BF} = {7A13E6D0-F85A-4BE8-BEB4-69A0AD18A5C3}
		{640FD9DA-8A9D-40F7-BE61-5DE08E75A4D8} = {7A13E6D0-F85A-4BE8-BEB4-69A0AD18A5C3}
	EndGlobalSection
EndGlobal
